
Microsoft Visual Studio Solution File, Format Version 12.00
# Visual Studio Version 17
VisualStudioVersion = 17.6.33815.320
MinimumVisualStudioVersion = 10.0.40219.1
Project("{FAE04EC0-301F-11D3-BF4B-00C04F79EFBC}") = "FirstTask", "FirstTask\FirstTask.csproj", "{12E85131-519D-4D6C-8D14-11CAAD851739}"
EndProject
Global
	GlobalSection(SolutionConfigurationPlatforms) = preSolution
		Debug|Any CPU = Debug|Any CPU
		Release|Any CPU = Release|Any CPU
	EndGlobalSection
	GlobalSection(ProjectConfigurationPlatforms) = postSolution
		{12E85131-519D-4D6C-8D14-11CAAD851739}.Debug|Any CPU.ActiveCfg = Debug|Any CPU
		{12E85131-519D-4D6C-8D14-11CAAD851739}.Debug|Any CPU.Build.0 = Debug|Any CPU
		{12E85131-519D-4D6C-8D14-11CAAD851739}.Release|Any CPU.ActiveCfg = Release|Any CPU
		{12E85131-519D-4D6C-8D14-11CAAD851739}.Release|Any CPU.Build.0 = Release|Any CPU
	EndGlobalSection
	GlobalSection(SolutionProperties) = preSolution
		HideSolutionNode = FALSE
	EndGlobalSection
	GlobalSection(ExtensibilityGlobals) = postSolution
		SolutionGuid = {498AA08B-3A28-49A4-B861-6F20C8AC8532}
	EndGlobalSection
EndGlobal
